{
  "name": "ride-coach",
  "version": "1.0.0",
  "lockfileVersion": 3,
  "requires": true,
  "packages": {
    "": {
      "name": "ride-coach",
      "version": "1.0.0",
      "license": "MIT",
      "dependencies": {
        "@garmin/fitsdk": "^21.178.0"
      },
      "bin": {
        "ride-coach-power": "scripts/correct-power.mjs"
      }
    },
    "node_modules/@garmin/fitsdk": {
      "version": "21.217.0",
      "resolved": "https://registry.npmjs.org/@garmin/fitsdk/-/fitsdk-21.217.0.tgz",
      "integrity": "sha512-oIkDo28Yrv8ZhJiOTBZWn8Cb9kIkcAx7oVfNtgqRuNvzbCyFWdLg1StUVECjIo9rbtpvTDuW8Jqd3PTnVapiAw==",
      "license": "SEE LICENSE IN LICENSE.txt"
    }
  }
}
